
Microsoft Visual Studio Solution File, Format Version 12.00
# Visual Studio Version 17
VisualStudioVersion = 17.5.002.0
MinimumVisualStudioVersion = 10.0.40219.1
Project("{9A19103F-16F7-4668-BE54-9A1E7A4F7556}") = "examle001_helloterminal", "examle001_helloterminal.csproj", "{168A947A-DBDA-40CD-BAD9-BA0697C53E87}"
EndProject
Global
	GlobalSection(SolutionConfigurationPlatforms) = preSolution
		Debug|Any CPU = Debug|Any CPU
		Release|Any CPU = Release|Any CPU
	EndGlobalSection
	GlobalSection(ProjectConfigurationPlatforms) = postSolution
		{168A947A-DBDA-40CD-BAD9-BA0697C53E87}.Debug|Any CPU.ActiveCfg = Debug|Any CPU
		{168A947A-DBDA-40CD-BAD9-BA0697C53E87}.Debug|Any CPU.Build.0 = Debug|Any CPU
		{168A947A-DBDA-40CD-BAD9-BA0697C53E87}.Release|Any CPU.ActiveCfg = Release|Any CPU
		{168A947A-DBDA-40CD-BAD9-BA0697C53E87}.Release|Any CPU.Build.0 = Release|Any CPU
	EndGlobalSection
	GlobalSection(SolutionProperties) = preSolution
		HideSolutionNode = FALSE
	EndGlobalSection
	GlobalSection(ExtensibilityGlobals) = postSolution
		SolutionGuid = {D81D97E3-2D4B-4AD0-9A7F-32D13B3DD46B}
	EndGlobalSection
EndGlobal
